// !$*UTF8*$!
{
	archiveVersion = 1;
	classes = {
	};
	objectVersion = 46;
	objects = {

/* Begin PBXBuildFile section */
		A3000E9C194BD88C00824FB0 /* SettingsViewController.m in Sources */ = {isa = PBXBuildFile; fileRef = A3000E9B194BD88C00824FB0 /* SettingsViewController.m */; };
		A310098D194D4F78007D51B7 /* refresh.png in Resources */ = {isa = PBXBuildFile; fileRef = A3100989194D4F78007D51B7 /* refresh.png */; };
		A310098E194D4F78007D51B7 /* refresh@2x.png in Resources */ = {isa = PBXBuildFile; fileRef = A310098A194D4F78007D51B7 /* refresh@2x.png */; };
		A310098F194D4F78007D51B7 /* settings.png in Resources */ = {isa = PBXBuildFile; fileRef = A310098B194D4F78007D51B7 /* settings.png */; };
		A3100990194D4F78007D51B7 /* settings@2x.png in Resources */ = {isa = PBXBuildFile; fileRef = A310098C194D4F78007D51B7 /* settings@2x.png */; };
		A311BB781942B83800471153 /* UIKit.framework in Frameworks */ = {isa = PBXBuildFile; fileRef = A311BB771942B83800471153 /* UIKit.framework */; };
		A311BB7A1942B83800471153 /* Foundation.framework in Frameworks */ = {isa = PBXBuildFile; fileRef = A311BB791942B83800471153 /* Foundation.framework */; };
		A311BB7C1942B83800471153 /* CoreGraphics.framework in Frameworks */ = {isa = PBXBuildFile; fileRef = A311BB7B1942B83800471153 /* CoreGraphics.framework */; };
		A311BB821942B83800471153 /* InfoPlist.strings in Resources */ = {isa = PBXBuildFile; fileRef = A311BB801942B83800471153 /* InfoPlist.strings */; };
		A311BB841942B83800471153 /* main.m in Sources */ = {isa = PBXBuildFile; fileRef = A311BB831942B83800471153 /* main.m */; };
		A311BB881942B83800471153 /* CloudsitAppDelegate.m in Sources */ = {isa = PBXBuildFile; fileRef = A311BB871942B83800471153 /* CloudsitAppDelegate.m */; };
		A311BB8A1942B83800471153 /* Default.png in Resources */ = {isa = PBXBuildFile; fileRef = A311BB891942B83800471153 /* Default.png */; };
		A311BB8C1942B83800471153 /* Default@2x.png in Resources */ = {isa = PBXBuildFile; fileRef = A311BB8B1942B83800471153 /* Default@2x.png */; };
		A311BB8E1942B83800471153 /* Default-568h@2x.png in Resources */ = {isa = PBXBuildFile; fileRef = A311BB8D1942B83800471153 /* Default-568h@2x.png */; };
		A311BB911942B83800471153 /* MainStoryboard.storyboard in Resources */ = {isa = PBXBuildFile; fileRef = A311BB8F1942B83800471153 /* MainStoryboard.storyboard */; };
		A311BB941942B83800471153 /* CloudsitViewController.m in Sources */ = {isa = PBXBuildFile; fileRef = A311BB931942B83800471153 /* CloudsitViewController.m */; };
		A311BB9C1942B83800471153 /* SenTestingKit.framework in Frameworks */ = {isa = PBXBuildFile; fileRef = A311BB9B1942B83800471153 /* SenTestingKit.framework */; };
		A311BB9D1942B83800471153 /* UIKit.framework in Frameworks */ = {isa = PBXBuildFile; fileRef = A311BB771942B83800471153 /* UIKit.framework */; };
		A311BB9E1942B83800471153 /* Foundation.framework in Frameworks */ = {isa = PBXBuildFile; fileRef = A311BB791942B83800471153 /* Foundation.framework */; };
		A311BBA61942B83800471153 /* InfoPlist.strings in Resources */ = {isa = PBXBuildFile; fileRef = A311BBA41942B83800471153 /* InfoPlist.strings */; };
		A311BBA91942B83800471153 /* CloudsitTests.m in Sources */ = {isa = PBXBuildFile; fileRef = A311BBA81942B83800471153 /* CloudsitTests.m */; };
		A311BBB41942B94700471153 /* RequestManager.m in Sources */ = {isa = PBXBuildFile; fileRef = A311BBB31942B94700471153 /* RequestManager.m */; };
		A311BBB91942B9BC00471153 /* CloudsitManager.m in Sources */ = {isa = PBXBuildFile; fileRef = A311BBB81942B9BC00471153 /* CloudsitManager.m */; };
		A311BBC81942CB3600471153 /* NSObject+SBJSON.m in Sources */ = {isa = PBXBuildFile; fileRef = A311BBBD1942CB3600471153 /* NSObject+SBJSON.m */; };
		A311BBC91942CB3600471153 /* NSString+SBJSON.m in Sources */ = {isa = PBXBuildFile; fileRef = A311BBBF1942CB3600471153 /* NSString+SBJSON.m */; };
		A311BBCA1942CB3600471153 /* SBJSON.m in Sources */ = {isa = PBXBuildFile; fileRef = A311BBC11942CB3600471153 /* SBJSON.m */; };
		A311BBCB1942CB3600471153 /* SBJsonBase.m in Sources */ = {isa = PBXBuildFile; fileRef = A311BBC31942CB3600471153 /* SBJsonBase.m */; };
		A311BBCC1942CB3600471153 /* SBJsonParser.m in Sources */ = {isa = PBXBuildFile; fileRef = A311BBC51942CB3600471153 /* SBJsonParser.m */; };
		A311BBCD1942CB3600471153 /* SBJsonWriter.m in Sources */ = {isa = PBXBuildFile; fileRef = A311BBC71942CB3600471153 /* SBJsonWriter.m */; };
		A317E5C7195264DA008AC026 /* back-highlighted.png in Resources */ = {isa = PBXBuildFile; fileRef = A317E5BF195264DA008AC026 /* back-highlighted.png */; };
		A317E5C8195264DA008AC026 /* back-highlighted@2x.png in Resources */ = {isa = PBXBuildFile; fileRef = A317E5C0195264DA008AC026 /* back-highlighted@2x.png */; };
		A317E5C9195264DA008AC026 /* refresh-highlighted.png in Resources */ = {isa = PBXBuildFile; fileRef = A317E5C1195264DA008AC026 /* refresh-highlighted.png */; };
		A317E5CA195264DA008AC026 /* refresh-highlighted@2x.png in Resources */ = {isa = PBXBuildFile; fileRef = A317E5C2195264DA008AC026 /* refresh-highlighted@2x.png */; };
		A317E5CB195264DA008AC026 /* settings-highlighted.png in Resources */ = {isa = PBXBuildFile; fileRef = A317E5C3195264DA008AC026 /* settings-highlighted.png */; };
		A317E5CC195264DA008AC026 /* settings-highlighted@2x.png in Resources */ = {isa = PBXBuildFile; fileRef = A317E5C4195264DA008AC026 /* settings-highlighted@2x.png */; };
		A317E5CD195264DA008AC026 /* slideup-highlighted.png in Resources */ = {isa = PBXBuildFile; fileRef = A317E5C5195264DA008AC026 /* slideup-highlighted.png */; };
		A317E5CE195264DA008AC026 /* slideup-highlighted@2x.png in Resources */ = {isa = PBXBuildFile; fileRef = A317E5C6195264DA008AC026 /* slideup-highlighted@2x.png */; };
		A31F6FBC194E93E600C8F0C4 /* back.png in Resources */ = {isa = PBXBuildFile; fileRef = A31F6FBA194E93E600C8F0C4 /* back.png */; };
		A31F6FBD194E93E600C8F0C4 /* back@2x.png in Resources */ = {isa = PBXBuildFile; fileRef = A31F6FBB194E93E600C8F0C4 /* back@2x.png */; };
		A31F6FC0194E99D800C8F0C4 /* edit.png in Resources */ = {isa = PBXBuildFile; fileRef = A31F6FBE194E99D800C8F0C4 /* edit.png */; };
		A31F6FC1194E99D800C8F0C4 /* edit@2x.png in Resources */ = {isa = PBXBuildFile; fileRef = A31F6FBF194E99D800C8F0C4 /* edit@2x.png */; };
		A31F6FC7194E9E2400C8F0C4 /* done-blue.png in Resources */ = {isa = PBXBuildFile; fileRef = A31F6FC6194E9E2400C8F0C4 /* done-blue.png */; };
		A349148A194EDA5900CFCD04 /* close-red.png in Resources */ = {isa = PBXBuildFile; fileRef = A3491484194EDA5900CFCD04 /* close-red.png */; };
		A349148B194EDA5900CFCD04 /* close-red@2x.png in Resources */ = {isa = PBXBuildFile; fileRef = A3491485194EDA5900CFCD04 /* close-red@2x.png */; };
		A349148C194EDA5900CFCD04 /* radio-normal-green.png in Resources */ = {isa = PBXBuildFile; fileRef = A3491486194EDA5900CFCD04 /* radio-normal-green.png */; };
		A349148D194EDA5900CFCD04 /* radio-normal-green@2x.png in Resources */ = {isa = PBXBuildFile; fileRef = A3491487194EDA5900CFCD04 /* radio-normal-green@2x.png */; };
		A349148E194EDA5900CFCD04 /* radio-selected-green.png in Resources */ = {isa = PBXBuildFile; fileRef = A3491488194EDA5900CFCD04 /* radio-selected-green.png */; };
		A349148F194EDA5900CFCD04 /* radio-selected-green@2x.png in Resources */ = {isa = PBXBuildFile; fileRef = A3491489194EDA5900CFCD04 /* radio-selected-green@2x.png */; };
		A3491496194EE33B00CFCD04 /* arrow-up-left-gray.png in Resources */ = {isa = PBXBuildFile; fileRef = A3491494194EE33A00CFCD04 /* arrow-up-left-gray.png */; };
		A3491497194EE33B00CFCD04 /* arrow-up-left-gray@2x.png in Resources */ = {isa = PBXBuildFile; fileRef = A3491495194EE33A00CFCD04 /* arrow-up-left-gray@2x.png */; };
		A37ADBFE194ACEB300910D0C /* BSPlaceManager.m in Sources */ = {isa = PBXBuildFile; fileRef = A37ADBFD194ACEB300910D0C /* BSPlaceManager.m */; };
		A37ADC01194ACEC600910D0C /* BSPlaceResult.m in Sources */ = {isa = PBXBuildFile; fileRef = A37ADC00194ACEC600910D0C /* BSPlaceResult.m */; };
		A3CE441E194D57600069DD26 /* WeatherManager.m in Sources */ = {isa = PBXBuildFile; fileRef = A3CE441D194D57600069DD26 /* WeatherManager.m */; };
		A3E2655519458CA8002F23BD /* QuartzCore.framework in Frameworks */ = {isa = PBXBuildFile; fileRef = A3E2655419458CA8002F23BD /* QuartzCore.framework */; };
		A3E265581945A883002F23BD /* LocationSearchViewController.m in Sources */ = {isa = PBXBuildFile; fileRef = A3E265571945A883002F23BD /* LocationSearchViewController.m */; };
		A3F1963A194F058B000EE526 /* weather-cloudy-fog.png in Resources */ = {isa = PBXBuildFile; fileRef = A3F19616194F058B000EE526 /* weather-cloudy-fog.png */; };
		A3F1963B194F058B000EE526 /* weather-cloudy-fog@2x.png in Resources */ = {isa = PBXBuildFile; fileRef = A3F19617194F058B000EE526 /* weather-cloudy-fog@2x.png */; };
		A3F1963C194F058B000EE526 /* weather-cloudy.png in Resources */ = {isa = PBXBuildFile; fileRef = A3F19618194F058B000EE526 /* weather-cloudy.png */; };
		A3F1963D194F058B000EE526 /* weather-cloudy@2x.png in Resources */ = {isa = PBXBuildFile; fileRef = A3F19619194F058B000EE526 /* weather-cloudy@2x.png */; };
		A3F1963E194F058B000EE526 /* weather-fog.png in Resources */ = {isa = PBXBuildFile; fileRef = A3F1961A194F058B000EE526 /* weather-fog.png */; };
		A3F1963F194F058B000EE526 /* weather-fog@2x.png in Resources */ = {isa = PBXBuildFile; fileRef = A3F1961B194F058B000EE526 /* weather-fog@2x.png */; };
		A3F19640194F058B000EE526 /* weather-sunny-1.png in Resources */ = {isa = PBXBuildFile; fileRef = A3F1961C194F058B000EE526 /* weather-sunny-1.png */; };
		A3F19641194F058B000EE526 /* weather-sunny-1@2x.png in Resources */ = {isa = PBXBuildFile; fileRef = A3F1961D194F058B000EE526 /* weather-sunny-1@2x.png */; };
		A3F19642194F058B000EE526 /* weather-partlycloudy.png in Resources */ = {isa = PBXBuildFile; fileRef = A3F1961E194F058B000EE526 /* weather-partlycloudy.png */; };
		A3F19643194F058B000EE526 /* weather-partlycloudy@2x.png in Resources */ = {isa = PBXBuildFile; fileRef = A3F1961F194F058B000EE526 /* weather-partlycloudy@2x.png */; };
		A3F19644194F058B000EE526 /* weather-rainy-h.png in Resources */ = {isa = PBXBuildFile; fileRef = A3F19620194F058B000EE526 /* weather-rainy-h.png */; };
		A3F19645194F058B000EE526 /* weather-rainy-h@2x.png in Resources */ = {isa = PBXBuildFile; fileRef = A3F19621194F058B000EE526 /* weather-rainy-h@2x.png */; };
		A3F19646194F058B000EE526 /* weather-rainy-m.png in Resources */ = {isa = PBXBuildFile; fileRef = A3F19622194F058B000EE526 /* weather-rainy-m.png */; };
		A3F19647194F058B000EE526 /* weather-rainy-m@2x.png in Resources */ = {isa = PBXBuildFile; fileRef = A3F19623194F058B000EE526 /* weather-rainy-m@2x.png */; };
		A3F19648194F058B000EE526 /* weather-rainy-s.png in Resources */ = {isa = PBXBuildFile; fileRef = A3F19624194F058B000EE526 /* weather-rainy-s.png */; };
		A3F19649194F058B000EE526 /* weather-rainy-s@2x.png in Resources */ = {isa = PBXBuildFile; fileRef = A3F19625194F058B000EE526 /* weather-rainy-s@2x.png */; };
		A3F1964A194F058B000EE526 /* weather-rainy-snowy.png in Resources */ = {isa = PBXBuildFile; fileRef = A3F19626194F058B000EE526 /* weather-rainy-snowy.png */; };
		A3F1964B194F058B000EE526 /* weather-rainy-snowy@2x.png in Resources */ = {isa = PBXBuildFile; fileRef = A3F19627194F058B000EE526 /* weather-rainy-snowy@2x.png */; };
		A3F1964C194F058B000EE526 /* weather-snowy-h.png in Resources */ = {isa = PBXBuildFile; fileRef = A3F19628194F058B000EE526 /* weather-snowy-h.png */; };
		A3F1964D194F058B000EE526 /* weather-snowy-h@2x.png in Resources */ = {isa = PBXBuildFile; fileRef = A3F19629194F058B000EE526 /* weather-snowy-h@2x.png */; };
		A3F1964E194F058B000EE526 /* weather-snowy-m.png in Resources */ = {isa = PBXBuildFile; fileRef = A3F1962A194F058B000EE526 /* weather-snowy-m.png */; };
		A3F1964F194F058B000EE526 /* weather-snowy-m@2x.png in Resources */ = {isa = PBXBuildFile; fileRef = A3F1962B194F058B000EE526 /* weather-snowy-m@2x.png */; };
		A3F19650194F058B000EE526 /* weather-snowy-s.png in Resources */ = {isa = PBXBuildFile; fileRef = A3F1962C194F058B000EE526 /* weather-snowy-s.png */; };
		A3F19651194F058B000EE526 /* weather-snowy-s@2x.png in Resources */ = {isa = PBXBuildFile; fileRef = A3F1962D194F058B000EE526 /* weather-snowy-s@2x.png */; };
		A3F19652194F058B000EE526 /* weather-sunny-0.png in Resources */ = {isa = PBXBuildFile; fileRef = A3F1962E194F058B000EE526 /* weather-sunny-0.png */; };
		A3F19653194F058B000EE526 /* weather-sunny-0@2x.png in Resources */ = {isa = PBXBuildFile; fileRef = A3F1962F194F058B000EE526 /* weather-sunny-0@2x.png */; };
		A3F19654194F058B000EE526 /* weather-thunder-rainy-h.png in Resources */ = {isa = PBXBuildFile; fileRef = A3F19630194F058B000EE526 /* weather-thunder-rainy-h.png */; };
		A3F19655194F058B000EE526 /* weather-thunder-rainy-h@2x.png in Resources */ = {isa = PBXBuildFile; fileRef = A3F19631194F058B000EE526 /* weather-thunder-rainy-h@2x.png */; };
		A3F19656194F058B000EE526 /* weather-thunder-rainy-m.png in Resources */ = {isa = PBXBuildFile; fileRef = A3F19632194F058B000EE526 /* weather-thunder-rainy-m.png */; };
		A3F19657194F058B000EE526 /* weather-thunder-rainy-m@2x.png in Resources */ = {isa = PBXBuildFile; fileRef = A3F19633194F058B000EE526 /* weather-thunder-rainy-m@2x.png */; };
		A3F19658194F058B000EE526 /* weather-thunder-rainy-s.png in Resources */ = {isa = PBXBuildFile; fileRef = A3F19634194F058B000EE526 /* weather-thunder-rainy-s.png */; };
		A3F19659194F058B000EE526 /* weather-thunder-rainy-s@2x.png in Resources */ = {isa = PBXBuildFile; fileRef = A3F19635194F058B000EE526 /* weather-thunder-rainy-s@2x.png */; };
		A3F1965A194F058B000EE526 /* weather-thunder.png in Resources */ = {isa = PBXBuildFile; fileRef = A3F19636194F058B000EE526 /* weather-thunder.png */; };
		A3F1965B194F058B000EE526 /* weather-thunder@2x.png in Resources */ = {isa = PBXBuildFile; fileRef = A3F19637194F058B000EE526 /* weather-thunder@2x.png */; };
		A3F1965C194F058B000EE526 /* weather-windy.png in Resources */ = {isa = PBXBuildFile; fileRef = A3F19638194F058B000EE526 /* weather-windy.png */; };
		A3F1965D194F058B000EE526 /* weather-windy@2x.png in Resources */ = {isa = PBXBuildFile; fileRef = A3F19639194F058B000EE526 /* weather-windy@2x.png */; };
		A3F23543194AA3E200ECC7C6 /* SettingsManager.m in Sources */ = {isa = PBXBuildFile; fileRef = A3F23542194AA3E200ECC7C6 /* SettingsManager.m */; };
		A3F23547194AB18100ECC7C6 /* NoResultView.m in Sources */ = {isa = PBXBuildFile; fileRef = A3F23546194AB18100ECC7C6 /* NoResultView.m */; };
		A3F3F5F2194D760A00A5718E /* DateManager.m in Sources */ = {isa = PBXBuildFile; fileRef = A3F3F5F1194D760A00A5718E /* DateManager.m */; };
		A3FAF366194DB62800E385FF /* slideup.png in Resources */ = {isa = PBXBuildFile; fileRef = A3FAF364194DB62800E385FF /* slideup.png */; };
		A3FAF367194DB62800E385FF /* slideup@2x.png in Resources */ = {isa = PBXBuildFile; fileRef = A3FAF365194DB62800E385FF /* slideup@2x.png */; };
/* End PBXBuildFile section */

/* Begin PBXContainerItemProxy section */
		A311BB9F1942B83800471153 /* PBXContainerItemProxy */ = {
			isa = PBXContainerItemProxy;
			containerPortal = A311BB6C1942B83800471153 /* Project object */;
			proxyType = 1;
			remoteGlobalIDString = A311BB731942B83800471153;
			remoteInfo = Cloudsit;
		};
/* End PBXContainerItemProxy section */

/* Begin PBXFileReference section */
		A3000E9A194BD88C00824FB0 /* SettingsViewController.h */ = {isa = PBXFileReference; fileEncoding = 4; lastKnownFileType = sourcecode.c.h; name = SettingsViewController.h; path = ../SettingsViewController.h; sourceTree = "<group>"; };
		A3000E9B194BD88C00824FB0 /* SettingsViewController.m */ = {isa = PBXFileReference; fileEncoding = 4; lastKnownFileType = sourcecode.c.objc; name = SettingsViewController.m; path = ../SettingsViewController.m; sourceTree = "<group>"; };
		A3100989194D4F78007D51B7 /* refresh.png */ = {isa = PBXFileReference; lastKnownFileType = image.png; path = refresh.png; sourceTree = "<group>"; };
		A310098A194D4F78007D51B7 /* refresh@2x.png */ = {isa = PBXFileReference; lastKnownFileType = image.png; path = "refresh@2x.png"; sourceTree = "<group>"; };
		A310098B194D4F78007D51B7 /* settings.png */ = {isa = PBXFileReference; lastKnownFileType = image.png; path = settings.png; sourceTree = "<group>"; };
		A310098C194D4F78007D51B7 /* settings@2x.png */ = {isa = PBXFileReference; lastKnownFileType = image.png; path = "settings@2x.png"; sourceTree = "<group>"; };
		A311BB741942B83800471153 /* Cloudsit.app */ = {isa = PBXFileReference; explicitFileType = wrapper.application; includeInIndex = 0; path = Cloudsit.app; sourceTree = BUILT_PRODUCTS_DIR; };
		A311BB771942B83800471153 /* UIKit.framework */ = {isa = PBXFileReference; lastKnownFileType = wrapper.framework; name = UIKit.framework; path = System/Library/Frameworks/UIKit.framework; sourceTree = SDKROOT; };
		A311BB791942B83800471153 /* Foundation.framework */ = {isa = PBXFileReference; lastKnownFileType = wrapper.framework; name = Foundation.framework; path = System/Library/Frameworks/Foundation.framework; sourceTree = SDKROOT; };
		A311BB7B1942B83800471153 /* CoreGraphics.framework */ = {isa = PBXFileReference; lastKnownFileType = wrapper.framework; name = CoreGraphics.framework; path = System/Library/Frameworks/CoreGraphics.framework; sourceTree = SDKROOT; };
		A311BB7F1942B83800471153 /* Cloudsit-Info.plist */ = {isa = PBXFileReference; lastKnownFileType = text.plist.xml; path = "Cloudsit-Info.plist"; sourceTree = "<group>"; };
		A311BB811942B83800471153 /* en */ = {isa = PBXFileReference; lastKnownFileType = text.plist.strings; name = en; path = en.lproj/InfoPlist.strings; sourceTree = "<group>"; };
		A311BB831942B83800471153 /* main.m */ = {isa = PBXFileReference; lastKnownFileType = sourcecode.c.objc; path = main.m; sourceTree = "<group>"; };
		A311BB851942B83800471153 /* Cloudsit-Prefix.pch */ = {isa = PBXFileReference; lastKnownFileType = sourcecode.c.h; path = "Cloudsit-Prefix.pch"; sourceTree = "<group>"; };
		A311BB861942B83800471153 /* CloudsitAppDelegate.h */ = {isa = PBXFileReference; lastKnownFileType = sourcecode.c.h; path = CloudsitAppDelegate.h; sourceTree = "<group>"; };
		A311BB871942B83800471153 /* CloudsitAppDelegate.m */ = {isa = PBXFileReference; lastKnownFileType = sourcecode.c.objc; path = CloudsitAppDelegate.m; sourceTree = "<group>"; };
		A311BB891942B83800471153 /* Default.png */ = {isa = PBXFileReference; lastKnownFileType = image.png; path = Default.png; sourceTree = "<group>"; };
		A311BB8B1942B83800471153 /* Default@2x.png */ = {isa = PBXFileReference; lastKnownFileType = image.png; path = "Default@2x.png"; sourceTree = "<group>"; };
		A311BB8D1942B83800471153 /* Default-568h@2x.png */ = {isa = PBXFileReference; lastKnownFileType = image.png; path = "Default-568h@2x.png"; sourceTree = "<group>"; };
		A311BB901942B83800471153 /* en */ = {isa = PBXFileReference; lastKnownFileType = file.storyboard; name = en; path = en.lproj/MainStoryboard.storyboard; sourceTree = "<group>"; };
		A311BB921942B83800471153 /* CloudsitViewController.h */ = {isa = PBXFileReference; lastKnownFileType = sourcecode.c.h; path = CloudsitViewController.h; sourceTree = "<group>"; };
		A311BB931942B83800471153 /* CloudsitViewController.m */ = {isa = PBXFileReference; lastKnownFileType = sourcecode.c.objc; path = CloudsitViewController.m; sourceTree = "<group>"; };
		A311BB9A1942B83800471153 /* CloudsitTests.octest */ = {isa = PBXFileReference; explicitFileType = wrapper.cfbundle; includeInIndex = 0; path = CloudsitTests.octest; sourceTree = BUILT_PRODUCTS_DIR; };
		A311BB9B1942B83800471153 /* SenTestingKit.framework */ = {isa = PBXFileReference; lastKnownFileType = wrapper.framework; name = SenTestingKit.framework; path = Library/Frameworks/SenTestingKit.framework; sourceTree = DEVELOPER_DIR; };
		A311BBA31942B83800471153 /* CloudsitTests-Info.plist */ = {isa = PBXFileReference; lastKnownFileType = text.plist.xml; path = "CloudsitTests-Info.plist"; sourceTree = "<group>"; };
		A311BBA51942B83800471153 /* en */ = {isa = PBXFileReference; lastKnownFileType = text.plist.strings; name = en; path = en.lproj/InfoPlist.strings; sourceTree = "<group>"; };
		A311BBA71942B83800471153 /* CloudsitTests.h */ = {isa = PBXFileReference; lastKnownFileType = sourcecode.c.h; path = CloudsitTests.h; sourceTree = "<group>"; };
		A311BBA81942B83800471153 /* CloudsitTests.m */ = {isa = PBXFileReference; lastKnownFileType = sourcecode.c.objc; path = CloudsitTests.m; sourceTree = "<group>"; };
		A311BBB21942B94700471153 /* RequestManager.h */ = {isa = PBXFileReference; fileEncoding = 4; lastKnownFileType = sourcecode.c.h; path = RequestManager.h; sourceTree = "<group>"; };
		A311BBB31942B94700471153 /* RequestManager.m */ = {isa = PBXFileReference; fileEncoding = 4; lastKnownFileType = sourcecode.c.objc; path = RequestManager.m; sourceTree = "<group>"; };
		A311BBB71942B9BC00471153 /* CloudsitManager.h */ = {isa = PBXFileReference; fileEncoding = 4; lastKnownFileType = sourcecode.c.h; path = CloudsitManager.h; sourceTree = "<group>"; };
		A311BBB81942B9BC00471153 /* CloudsitManager.m */ = {isa = PBXFileReference; fileEncoding = 4; lastKnownFileType = sourcecode.c.objc; path = CloudsitManager.m; sourceTree = "<group>"; };
		A311BBBB1942CB3600471153 /* JSON.h */ = {isa = PBXFileReference; fileEncoding = 4; lastKnownFileType = sourcecode.c.h; path = JSON.h; sourceTree = "<group>"; };
		A311BBBC1942CB3600471153 /* NSObject+SBJSON.h */ = {isa = PBXFileReference; fileEncoding = 4; lastKnownFileType = sourcecode.c.h; path = "NSObject+SBJSON.h"; sourceTree = "<group>"; };
		A311BBBD1942CB3600471153 /* NSObject+SBJSON.m */ = {isa = PBXFileReference; fileEncoding = 4; lastKnownFileType = sourcecode.c.objc; path = "NSObject+SBJSON.m"; sourceTree = "<group>"; };
		A311BBBE1942CB3600471153 /* NSString+SBJSON.h */ = {isa = PBXFileReference; fileEncoding = 4; lastKnownFileType = sourcecode.c.h; path = "NSString+SBJSON.h"; sourceTree = "<group>"; };
		A311BBBF1942CB3600471153 /* NSString+SBJSON.m */ = {isa = PBXFileReference; fileEncoding = 4; lastKnownFileType = sourcecode.c.objc; path = "NSString+SBJSON.m"; sourceTree = "<group>"; };
		A311BBC01942CB3600471153 /* SBJSON.h */ = {isa = PBXFileReference; fileEncoding = 4; lastKnownFileType = sourcecode.c.h; path = SBJSON.h; sourceTree = "<group>"; };
		A311BBC11942CB3600471153 /* SBJSON.m */ = {isa = PBXFileReference; fileEncoding = 4; lastKnownFileType = sourcecode.c.objc; path = SBJSON.m; sourceTree = "<group>"; };
		A311BBC21942CB3600471153 /* SBJsonBase.h */ = {isa = PBXFileReference; fileEncoding = 4; lastKnownFileType = sourcecode.c.h; path = SBJsonBase.h; sourceTree = "<group>"; };
		A311BBC31942CB3600471153 /* SBJsonBase.m */ = {isa = PBXFileReference; fileEncoding = 4; lastKnownFileType = sourcecode.c.objc; path = SBJsonBase.m; sourceTree = "<group>"; };
		A311BBC41942CB3600471153 /* SBJsonParser.h */ = {isa = PBXFileReference; fileEncoding = 4; lastKnownFileType = sourcecode.c.h; path = SBJsonParser.h; sourceTree = "<group>"; };
		A311BBC51942CB3600471153 /* SBJsonParser.m */ = {isa = PBXFileReference; fileEncoding = 4; lastKnownFileType = sourcecode.c.objc; path = SBJsonParser.m; sourceTree = "<group>"; };
		A311BBC61942CB3600471153 /* SBJsonWriter.h */ = {isa = PBXFileReference; fileEncoding = 4; lastKnownFileType = sourcecode.c.h; path = SBJsonWriter.h; sourceTree = "<group>"; };
		A311BBC71942CB3600471153 /* SBJsonWriter.m */ = {isa = PBXFileReference; fileEncoding = 4; lastKnownFileType = sourcecode.c.objc; path = SBJsonWriter.m; sourceTree = "<group>"; };
		A317E5BF195264DA008AC026 /* back-highlighted.png */ = {isa = PBXFileReference; lastKnownFileType = image.png; path = "back-highlighted.png"; sourceTree = "<group>"; };
		A317E5C0195264DA008AC026 /* back-highlighted@2x.png */ = {isa = PBXFileReference; lastKnownFileType = image.png; path = "back-highlighted@2x.png"; sourceTree = "<group>"; };
		A317E5C1195264DA008AC026 /* refresh-highlighted.png */ = {isa = PBXFileReference; lastKnownFileType = image.png; path = "refresh-highlighted.png"; sourceTree = "<group>"; };
		A317E5C2195264DA008AC026 /* refresh-highlighted@2x.png */ = {isa = PBXFileReference; lastKnownFileType = image.png; path = "refresh-highlighted@2x.png"; sourceTree = "<group>"; };
		A317E5C3195264DA008AC026 /* settings-highlighted.png */ = {isa = PBXFileReference; lastKnownFileType = image.png; path = "settings-highlighted.png"; sourceTree = "<group>"; };
		A317E5C4195264DA008AC026 /* settings-highlighted@2x.png */ = {isa = PBXFileReference; lastKnownFileType = image.png; path = "settings-highlighted@2x.png"; sourceTree = "<group>"; };
		A317E5C5195264DA008AC026 /* slideup-highlighted.png */ = {isa = PBXFileReference; lastKnownFileType = image.png; path = "slideup-highlighted.png"; sourceTree = "<group>"; };
		A317E5C6195264DA008AC026 /* slideup-highlighted@2x.png */ = {isa = PBXFileReference; lastKnownFileType = image.png; path = "slideup-highlighted@2x.png"; sourceTree = "<group>"; };
		A31F6FBA194E93E600C8F0C4 /* back.png */ = {isa = PBXFileReference; lastKnownFileType = image.png; path = back.png; sourceTree = "<group>"; };
		A31F6FBB194E93E600C8F0C4 /* back@2x.png */ = {isa = PBXFileReference; lastKnownFileType = image.png; path = "back@2x.png"; sourceTree = "<group>"; };
		A31F6FBE194E99D800C8F0C4 /* edit.png */ = {isa = PBXFileReference; lastKnownFileType = image.png; path = edit.png; sourceTree = "<group>"; };
		A31F6FBF194E99D800C8F0C4 /* edit@2x.png */ = {isa = PBXFileReference; lastKnownFileType = image.png; path = "edit@2x.png"; sourceTree = "<group>"; };
		A31F6FC6194E9E2400C8F0C4 /* done-blue.png */ = {isa = PBXFileReference; lastKnownFileType = image.png; path = "done-blue.png"; sourceTree = "<group>"; };
		A3491484194EDA5900CFCD04 /* close-red.png */ = {isa = PBXFileReference; lastKnownFileType = image.png; path = "close-red.png"; sourceTree = "<group>"; };
		A3491485194EDA5900CFCD04 /* close-red@2x.png */ = {isa = PBXFileReference; lastKnownFileType = image.png; path = "close-red@2x.png"; sourceTree = "<group>"; };
		A3491486194EDA5900CFCD04 /* radio-normal-green.png */ = {isa = PBXFileReference; lastKnownFileType = image.png; path = "radio-normal-green.png"; sourceTree = "<group>"; };
		A3491487194EDA5900CFCD04 /* radio-normal-green@2x.png */ = {isa = PBXFileReference; lastKnownFileType = image.png; path = "radio-normal-green@2x.png"; sourceTree = "<group>"; };
		A3491488194EDA5900CFCD04 /* radio-selected-green.png */ = {isa = PBXFileReference; lastKnownFileType = image.png; path = "radio-selected-green.png"; sourceTree = "<group>"; };
		A3491489194EDA5900CFCD04 /* radio-selected-green@2x.png */ = {isa = PBXFileReference; lastKnownFileType = image.png; path = "radio-selected-green@2x.png"; sourceTree = "<group>"; };
		A3491494194EE33A00CFCD04 /* arrow-up-left-gray.png */ = {isa = PBXFileReference; lastKnownFileType = image.png; path = "arrow-up-left-gray.png"; sourceTree = "<group>"; };
		A3491495194EE33A00CFCD04 /* arrow-up-left-gray@2x.png */ = {isa = PBXFileReference; lastKnownFileType = image.png; path = "arrow-up-left-gray@2x.png"; sourceTree = "<group>"; };
		A37ADBFC194ACEB300910D0C /* BSPlaceManager.h */ = {isa = PBXFileReference; fileEncoding = 4; lastKnownFileType = sourcecode.c.h; path = BSPlaceManager.h; sourceTree = "<group>"; };
		A37ADBFD194ACEB300910D0C /* BSPlaceManager.m */ = {isa = PBXFileReference; fileEncoding = 4; lastKnownFileType = sourcecode.c.objc; path = BSPlaceManager.m; sourceTree = "<group>"; };
		A37ADBFF194ACEC600910D0C /* BSPlaceResult.h */ = {isa = PBXFileReference; fileEncoding = 4; lastKnownFileType = sourcecode.c.h; path = BSPlaceResult.h; sourceTree = "<group>"; };
		A37ADC00194ACEC600910D0C /* BSPlaceResult.m */ = {isa = PBXFileReference; fileEncoding = 4; lastKnownFileType = sourcecode.c.objc; path = BSPlaceResult.m; sourceTree = "<group>"; };
		A3CE441C194D57600069DD26 /* WeatherManager.h */ = {isa = PBXFileReference; fileEncoding = 4; lastKnownFileType = sourcecode.c.h; path = WeatherManager.h; sourceTree = "<group>"; };
		A3CE441D194D57600069DD26 /* WeatherManager.m */ = {isa = PBXFileReference; fileEncoding = 4; lastKnownFileType = sourcecode.c.objc; path = WeatherManager.m; sourceTree = "<group>"; };
		A3E2655419458CA8002F23BD /* QuartzCore.framework */ = {isa = PBXFileReference; lastKnownFileType = wrapper.framework; name = QuartzCore.framework; path = System/Library/Frameworks/QuartzCore.framework; sourceTree = SDKROOT; };
		A3E265561945A883002F23BD /* LocationSearchViewController.h */ = {isa = PBXFileReference; fileEncoding = 4; lastKnownFileType = sourcecode.c.h; path = LocationSearchViewController.h; sourceTree = "<group>"; };
		A3E265571945A883002F23BD /* LocationSearchViewController.m */ = {isa = PBXFileReference; fileEncoding = 4; lastKnownFileType = sourcecode.c.objc; path = LocationSearchViewController.m; sourceTree = "<group>"; };
		A3F19616194F058B000EE526 /* weather-cloudy-fog.png */ = {isa = PBXFileReference; lastKnownFileType = image.png; path = "weather-cloudy-fog.png"; sourceTree = "<group>"; };
		A3F19617194F058B000EE526 /* weather-cloudy-fog@2x.png */ = {isa = PBXFileReference; lastKnownFileType = image.png; path = "weather-cloudy-fog@2x.png"; sourceTree = "<group>"; };
		A3F19618194F058B000EE526 /* weather-cloudy.png */ = {isa = PBXFileReference; lastKnownFileType = image.png; path = "weather-cloudy.png"; sourceTree = "<group>"; };
		A3F19619194F058B000EE526 /* weather-cloudy@2x.png */ = {isa = PBXFileReference; lastKnownFileType = image.png; path = "weather-cloudy@2x.png"; sourceTree = "<group>"; };
		A3F1961A194F058B000EE526 /* weather-fog.png */ = {isa = PBXFileReference; lastKnownFileType = image.png; path = "weather-fog.png"; sourceTree = "<group>"; };
		A3F1961B194F058B000EE526 /* weather-fog@2x.png */ = {isa = PBXFileReference; lastKnownFileType = image.png; path = "weather-fog@2x.png"; sourceTree = "<group>"; };
		A3F1961C194F058B000EE526 /* weather-sunny-1.png */ = {isa = PBXFileReference; lastKnownFileType = image.png; path = "weather-sunny-1.png"; sourceTree = "<group>"; };
		A3F1961D194F058B000EE526 /* weather-sunny-1@2x.png */ = {isa = PBXFileReference; lastKnownFileType = image.png; path = "weather-sunny-1@2x.png"; sourceTree = "<group>"; };
		A3F1961E194F058B000EE526 /* weather-partlycloudy.png */ = {isa = PBXFileReference; lastKnownFileType = image.png; path = "weather-partlycloudy.png"; sourceTree = "<group>"; };
		A3F1961F194F058B000EE526 /* weather-partlycloudy@2x.png */ = {isa = PBXFileReference; lastKnownFileType = image.png; path = "weather-partlycloudy@2x.png"; sourceTree = "<group>"; };
		A3F19620194F058B000EE526 /* weather-rainy-h.png */ = {isa = PBXFileReference; lastKnownFileType = image.png; path = "weather-rainy-h.png"; sourceTree = "<group>"; };
		A3F19621194F058B000EE526 /* weather-rainy-h@2x.png */ = {isa = PBXFileReference; lastKnownFileType = image.png; path = "weather-rainy-h@2x.png"; sourceTree = "<group>"; };
		A3F19622194F058B000EE526 /* weather-rainy-m.png */ = {isa = PBXFileReference; lastKnownFileType = image.png; path = "weather-rainy-m.png"; sourceTree = "<group>"; };
		A3F19623194F058B000EE526 /* weather-rainy-m@2x.png */ = {isa = PBXFileReference; lastKnownFileType = image.png; path = "weather-rainy-m@2x.png"; sourceTree = "<group>"; };
		A3F19624194F058B000EE526 /* weather-rainy-s.png */ = {isa = PBXFileReference; lastKnownFileType = image.png; path = "weather-rainy-s.png"; sourceTree = "<group>"; };
		A3F19625194F058B000EE526 /* weather-rainy-s@2x.png */ = {isa = PBXFileReference; lastKnownFileType = image.png; path = "weather-rainy-s@2x.png"; sourceTree = "<group>"; };
		A3F19626194F058B000EE526 /* weather-rainy-snowy.png */ = {isa = PBXFileReference; lastKnownFileType = image.png; path = "weather-rainy-snowy.png"; sourceTree = "<group>"; };
		A3F19627194F058B000EE526 /* weather-rainy-snowy@2x.png */ = {isa = PBXFileReference; lastKnownFileType = image.png; path = "weather-rainy-snowy@2x.png"; sourceTree = "<group>"; };
		A3F19628194F058B000EE526 /* weather-snowy-h.png */ = {isa = PBXFileReference; lastKnownFileType = image.png; path = "weather-snowy-h.png"; sourceTree = "<group>"; };
		A3F19629194F058B000EE526 /* weather-snowy-h@2x.png */ = {isa = PBXFileReference; lastKnownFileType = image.png; path = "weather-snowy-h@2x.png"; sourceTree = "<group>"; };
		A3F1962A194F058B000EE526 /* weather-snowy-m.png */ = {isa = PBXFileReference; lastKnownFileType = image.png; path = "weather-snowy-m.png"; sourceTree = "<group>"; };
		A3F1962B194F058B000EE526 /* weather-snowy-m@2x.png */ = {isa = PBXFileReference; lastKnownFileType = image.png; path = "weather-snowy-m@2x.png"; sourceTree = "<group>"; };
		A3F1962C194F058B000EE526 /* weather-snowy-s.png */ = {isa = PBXFileReference; lastKnownFileType = image.png; path = "weather-snowy-s.png"; sourceTree = "<group>"; };
		A3F1962D194F058B000EE526 /* weather-snowy-s@2x.png */ = {isa = PBXFileReference; lastKnownFileType = image.png; path = "weather-snowy-s@2x.png"; sourceTree = "<group>"; };
		A3F1962E194F058B000EE526 /* weather-sunny-0.png */ = {isa = PBXFileReference; lastKnownFileType = image.png; path = "weather-sunny-0.png"; sourceTree = "<group>"; };
		A3F1962F194F058B000EE526 /* weather-sunny-0@2x.png */ = {isa = PBXFileReference; lastKnownFileType = image.png; path = "weather-sunny-0@2x.png"; sourceTree = "<group>"; };
		A3F19630194F058B000EE526 /* weather-thunder-rainy-h.png */ = {isa = PBXFileReference; lastKnownFileType = image.png; path = "weather-thunder-rainy-h.png"; sourceTree = "<group>"; };
		A3F19631194F058B000EE526 /* weather-thunder-rainy-h@2x.png */ = {isa = PBXFileReference; lastKnownFileType = image.png; path = "weather-thunder-rainy-h@2x.png"; sourceTree = "<group>"; };
		A3F19632194F058B000EE526 /* weather-thunder-rainy-m.png */ = {isa = PBXFileReference; lastKnownFileType = image.png; path = "weather-thunder-rainy-m.png"; sourceTree = "<group>"; };
		A3F19633194F058B000EE526 /* weather-thunder-rainy-m@2x.png */ = {isa = PBXFileReference; lastKnownFileType = image.png; path = "weather-thunder-rainy-m@2x.png"; sourceTree = "<group>"; };
		A3F19634194F058B000EE526 /* weather-thunder-rainy-s.png */ = {isa = PBXFileReference; lastKnownFileType = image.png; path = "weather-thunder-rainy-s.png"; sourceTree = "<group>"; };
		A3F19635194F058B000EE526 /* weather-thunder-rainy-s@2x.png */ = {isa = PBXFileReference; lastKnownFileType = image.png; path = "weather-thunder-rainy-s@2x.png"; sourceTree = "<group>"; };
		A3F19636194F058B000EE526 /* weather-thunder.png */ = {isa = PBXFileReference; lastKnownFileType = image.png; path = "weather-thunder.png"; sourceTree = "<group>"; };
		A3F19637194F058B000EE526 /* weather-thunder@2x.png */ = {isa = PBXFileReference; lastKnownFileType = image.png; path = "weather-thunder@2x.png"; sourceTree = "<group>"; };
		A3F19638194F058B000EE526 /* weather-windy.png */ = {isa = PBXFileReference; lastKnownFileType = image.png; path = "weather-windy.png"; sourceTree = "<group>"; };
		A3F19639194F058B000EE526 /* weather-windy@2x.png */ = {isa = PBXFileReference; lastKnownFileType = image.png; path = "weather-windy@2x.png"; sourceTree = "<group>"; };
		A3F23541194AA3E200ECC7C6 /* SettingsManager.h */ = {isa = PBXFileReference; fileEncoding = 4; lastKnownFileType = sourcecode.c.h; path = SettingsManager.h; sourceTree = "<group>"; };
		A3F23542194AA3E200ECC7C6 /* SettingsManager.m */ = {isa = PBXFileReference; fileEncoding = 4; lastKnownFileType = sourcecode.c.objc; path = SettingsManager.m; sourceTree = "<group>"; };
		A3F23545194AB18100ECC7C6 /* NoResultView.h */ = {isa = PBXFileReference; fileEncoding = 4; lastKnownFileType = sourcecode.c.h; path = NoResultView.h; sourceTree = "<group>"; };
		A3F23546194AB18100ECC7C6 /* NoResultView.m */ = {isa = PBXFileReference; fileEncoding = 4; lastKnownFileType = sourcecode.c.objc; path = NoResultView.m; sourceTree = "<group>"; };
		A3F3F5F0194D760A00A5718E /* DateManager.h */ = {isa = PBXFileReference; fileEncoding = 4; lastKnownFileType = sourcecode.c.h; path = DateManager.h; sourceTree = "<group>"; };
		A3F3F5F1194D760A00A5718E /* DateManager.m */ = {isa = PBXFileReference; fileEncoding = 4; lastKnownFileType = sourcecode.c.objc; path = DateManager.m; sourceTree = "<group>"; };
		A3FAF364194DB62800E385FF /* slideup.png */ = {isa = PBXFileReference; lastKnownFileType = image.png; path = slideup.png; sourceTree = "<group>"; };
		A3FAF365194DB62800E385FF /* slideup@2x.png */ = {isa = PBXFileReference; lastKnownFileType = image.png; path = "slideup@2x.png"; sourceTree = "<group>"; };
/* End PBXFileReference section */

/* Begin PBXFrameworksBuildPhase section */
		A311BB711942B83800471153 /* Frameworks */ = {
			isa = PBXFrameworksBuildPhase;
			buildActionMask = 2147483647;
			files = (
				A3E2655519458CA8002F23BD /* QuartzCore.framework in Frameworks */,
				A311BB781942B83800471153 /* UIKit.framework in Frameworks */,
				A311BB7A1942B83800471153 /* Foundation.framework in Frameworks */,
				A311BB7C1942B83800471153 /* CoreGraphics.framework in Frameworks */,
			);
			runOnlyForDeploymentPostprocessing = 0;
		};
		A311BB961942B83800471153 /* Frameworks */ = {
			isa = PBXFrameworksBuildPhase;
			buildActionMask = 2147483647;
			files = (
				A311BB9C1942B83800471153 /* SenTestingKit.framework in Frameworks */,
				A311BB9D1942B83800471153 /* UIKit.framework in Frameworks */,
				A311BB9E1942B83800471153 /* Foundation.framework in Frameworks */,
			);
			runOnlyForDeploymentPostprocessing = 0;
		};
/* End PBXFrameworksBuildPhase section */

/* Begin PBXGroup section */
		A3100988194D4F58007D51B7 /* Buttons */ = {
			isa = PBXGroup;
			children = (
				A317E5BE195264C1008AC026 /* Highlighted */,
				A3491494194EE33A00CFCD04 /* arrow-up-left-gray.png */,
				A3491495194EE33A00CFCD04 /* arrow-up-left-gray@2x.png */,
				A3491484194EDA5900CFCD04 /* close-red.png */,
				A3491485194EDA5900CFCD04 /* close-red@2x.png */,
				A3491486194EDA5900CFCD04 /* radio-normal-green.png */,
				A3491487194EDA5900CFCD04 /* radio-normal-green@2x.png */,
				A3491488194EDA5900CFCD04 /* radio-selected-green.png */,
				A3491489194EDA5900CFCD04 /* radio-selected-green@2x.png */,
				A31F6FBA194E93E600C8F0C4 /* back.png */,
				A31F6FBE194E99D800C8F0C4 /* edit.png */,
				A31F6FBF194E99D800C8F0C4 /* edit@2x.png */,
				A31F6FBB194E93E600C8F0C4 /* back@2x.png */,
				A31F6FC6194E9E2400C8F0C4 /* done-blue.png */,
				A3FAF364194DB62800E385FF /* slideup.png */,
				A3FAF365194DB62800E385FF /* slideup@2x.png */,
				A3100989194D4F78007D51B7 /* refresh.png */,
				A310098A194D4F78007D51B7 /* refresh@2x.png */,
				A310098B194D4F78007D51B7 /* settings.png */,
				A310098C194D4F78007D51B7 /* settings@2x.png */,
			);
			name = Buttons;
			sourceTree = "<group>";
		};
		A311BB6B1942B83800471153 = {
			isa = PBXGroup;
			children = (
				A311BB7D1942B83800471153 /* Cloudsit */,
				A311BBA11942B83800471153 /* CloudsitTests */,
				A311BB761942B83800471153 /* Frameworks */,
				A311BB751942B83800471153 /* Products */,
			);
			sourceTree = "<group>";
		};
		A311BB751942B83800471153 /* Products */ = {
			isa = PBXGroup;
			children = (
				A311BB741942B83800471153 /* Cloudsit.app */,
				A311BB9A1942B83800471153 /* CloudsitTests.octest */,
			);
			name = Products;
			sourceTree = "<group>";
		};
		A311BB761942B83800471153 /* Frameworks */ = {
			isa = PBXGroup;
			children = (
				A3E2655419458CA8002F23BD /* QuartzCore.framework */,
				A311BB771942B83800471153 /* UIKit.framework */,
				A311BB791942B83800471153 /* Foundation.framework */,
				A311BB7B1942B83800471153 /* CoreGraphics.framework */,
				A311BB9B1942B83800471153 /* SenTestingKit.framework */,
			);
			name = Frameworks;
			sourceTree = "<group>";
		};
		A311BB7D1942B83800471153 /* Cloudsit */ = {
			isa = PBXGroup;
			children = (
				A311BBB51942B95100471153 /* Model */,
				A311BBB61942B95A00471153 /* View Controller */,
				A311BB8F1942B83800471153 /* MainStoryboard.storyboard */,
				A311BB7E1942B83800471153 /* Supporting Files */,
			);
			path = Cloudsit;
			sourceTree = "<group>";
		};
		A311BB7E1942B83800471153 /* Supporting Files */ = {
			isa = PBXGroup;
			children = (
				A3CE43CE194D55FC0069DD26 /* Icons */,
				A3100988194D4F58007D51B7 /* Buttons */,
				A311BB861942B83800471153 /* CloudsitAppDelegate.h */,
				A311BB871942B83800471153 /* CloudsitAppDelegate.m */,
				A311BB7F1942B83800471153 /* Cloudsit-Info.plist */,
				A311BB801942B83800471153 /* InfoPlist.strings */,
				A311BB831942B83800471153 /* main.m */,
				A311BB851942B83800471153 /* Cloudsit-Prefix.pch */,
				A311BB891942B83800471153 /* Default.png */,
				A311BB8B1942B83800471153 /* Default@2x.png */,
				A311BB8D1942B83800471153 /* Default-568h@2x.png */,
			);
			name = "Supporting Files";
			sourceTree = "<group>";
		};
		A311BBA11942B83800471153 /* CloudsitTests */ = {
			isa = PBXGroup;
			children = (
				A311BBA71942B83800471153 /* CloudsitTests.h */,
				A311BBA81942B83800471153 /* CloudsitTests.m */,
				A311BBA21942B83800471153 /* Supporting Files */,
			);
			path = CloudsitTests;
			sourceTree = "<group>";
		};
		A311BBA21942B83800471153 /* Supporting Files */ = {
			isa = PBXGroup;
			children = (
				A311BBA31942B83800471153 /* CloudsitTests-Info.plist */,
				A311BBA41942B83800471153 /* InfoPlist.strings */,
			);
			name = "Supporting Files";
			sourceTree = "<group>";
		};
		A311BBB51942B95100471153 /* Model */ = {
			isa = PBXGroup;
			children = (
				A37ADBFB194ACE9300910D0C /* BSPlacesAutoComplete */,
				A311BBBA1942CB3600471153 /* SBJSON */,
				A311BBB21942B94700471153 /* RequestManager.h */,
				A311BBB31942B94700471153 /* RequestManager.m */,
				A311BBB71942B9BC00471153 /* CloudsitManager.h */,
				A311BBB81942B9BC00471153 /* CloudsitManager.m */,
				A3F23541194AA3E200ECC7C6 /* SettingsManager.h */,
				A3F23542194AA3E200ECC7C6 /* SettingsManager.m */,
				A3CE441C194D57600069DD26 /* WeatherManager.h */,
				A3CE441D194D57600069DD26 /* WeatherManager.m */,
				A3F3F5F0194D760A00A5718E /* DateManager.h */,
				A3F3F5F1194D760A00A5718E /* DateManager.m */,
			);
			name = Model;
			sourceTree = "<group>";
		};
		A311BBB61942B95A00471153 /* View Controller */ = {
			isa = PBXGroup;
			children = (
				A3F23544194AB15F00ECC7C6 /* NoResultView */,
				A311BB921942B83800471153 /* CloudsitViewController.h */,
				A311BB931942B83800471153 /* CloudsitViewController.m */,
				A3000E9A194BD88C00824FB0 /* SettingsViewController.h */,
				A3000E9B194BD88C00824FB0 /* SettingsViewController.m */,
				A3E265561945A883002F23BD /* LocationSearchViewController.h */,
				A3E265571945A883002F23BD /* LocationSearchViewController.m */,
			);
			name = "View Controller";
			sourceTree = "<group>";
		};
		A311BBBA1942CB3600471153 /* SBJSON */ = {
			isa = PBXGroup;
			children = (
				A311BBBB1942CB3600471153 /* JSON.h */,
				A311BBBC1942CB3600471153 /* NSObject+SBJSON.h */,
				A311BBBD1942CB3600471153 /* NSObject+SBJSON.m */,
				A311BBBE1942CB3600471153 /* NSString+SBJSON.h */,
				A311BBBF1942CB3600471153 /* NSString+SBJSON.m */,
				A311BBC01942CB3600471153 /* SBJSON.h */,
				A311BBC11942CB3600471153 /* SBJSON.m */,
				A311BBC21942CB3600471153 /* SBJsonBase.h */,
				A311BBC31942CB3600471153 /* SBJsonBase.m */,
				A311BBC41942CB3600471153 /* SBJsonParser.h */,
				A311BBC51942CB3600471153 /* SBJsonParser.m */,
				A311BBC61942CB3600471153 /* SBJsonWriter.h */,
				A311BBC71942CB3600471153 /* SBJsonWriter.m */,
			);
			path = SBJSON;
			sourceTree = "<group>";
		};
		A317E5BE195264C1008AC026 /* Highlighted */ = {
			isa = PBXGroup;
			children = (
				A317E5BF195264DA008AC026 /* back-highlighted.png */,
				A317E5C0195264DA008AC026 /* back-highlighted@2x.png */,
				A317E5C1195264DA008AC026 /* refresh-highlighted.png */,
				A317E5C2195264DA008AC026 /* refresh-highlighted@2x.png */,
				A317E5C3195264DA008AC026 /* settings-highlighted.png */,
				A317E5C4195264DA008AC026 /* settings-highlighted@2x.png */,
				A317E5C5195264DA008AC026 /* slideup-highlighted.png */,
				A317E5C6195264DA008AC026 /* slideup-highlighted@2x.png */,
			);
			name = Highlighted;
			sourceTree = "<group>";
		};
		A37ADBFB194ACE9300910D0C /* BSPlacesAutoComplete */ = {
			isa = PBXGroup;
			children = (
				A37ADBFC194ACEB300910D0C /* BSPlaceManager.h */,
				A37ADBFD194ACEB300910D0C /* BSPlaceManager.m */,
				A37ADBFF194ACEC600910D0C /* BSPlaceResult.h */,
				A37ADC00194ACEC600910D0C /* BSPlaceResult.m */,
			);
			name = BSPlacesAutoComplete;
			sourceTree = "<group>";
		};
		A3CE43CE194D55FC0069DD26 /* Icons */ = {
			isa = PBXGroup;
			children = (
				A3F19615194F058A000EE526 /* Weather Icons */,
			);
			name = Icons;
			sourceTree = "<group>";
		};
		A3F19615194F058A000EE526 /* Weather Icons */ = {
			isa = PBXGroup;
			children = (
				A3F19616194F058B000EE526 /* weather-cloudy-fog.png */,
				A3F19617194F058B000EE526 /* weather-cloudy-fog@2x.png */,
				A3F19618194F058B000EE526 /* weather-cloudy.png */,
				A3F19619194F058B000EE526 /* weather-cloudy@2x.png */,
				A3F1961A194F058B000EE526 /* weather-fog.png */,
				A3F1961B194F058B000EE526 /* weather-fog@2x.png */,
				A3F1961E194F058B000EE526 /* weather-partlycloudy.png */,
				A3F1961F194F058B000EE526 /* weather-partlycloudy@2x.png */,
				A3F19620194F058B000EE526 /* weather-rainy-h.png */,
				A3F19621194F058B000EE526 /* weather-rainy-h@2x.png */,
				A3F19622194F058B000EE526 /* weather-rainy-m.png */,
				A3F19623194F058B000EE526 /* weather-rainy-m@2x.png */,
				A3F19624194F058B000EE526 /* weather-rainy-s.png */,
				A3F19625194F058B000EE526 /* weather-rainy-s@2x.png */,
				A3F19626194F058B000EE526 /* weather-rainy-snowy.png */,
				A3F19627194F058B000EE526 /* weather-rainy-snowy@2x.png */,
				A3F19628194F058B000EE526 /* weather-snowy-h.png */,
				A3F19629194F058B000EE526 /* weather-snowy-h@2x.png */,
				A3F1962A194F058B000EE526 /* weather-snowy-m.png */,
				A3F1962B194F058B000EE526 /* weather-snowy-m@2x.png */,
				A3F1962C194F058B000EE526 /* weather-snowy-s.png */,
				A3F1962D194F058B000EE526 /* weather-snowy-s@2x.png */,
				A3F1962E194F058B000EE526 /* weather-sunny-0.png */,
				A3F1962F194F058B000EE526 /* weather-sunny-0@2x.png */,
				A3F1961C194F058B000EE526 /* weather-sunny-1.png */,
				A3F1961D194F058B000EE526 /* weather-sunny-1@2x.png */,
				A3F19630194F058B000EE526 /* weather-thunder-rainy-h.png */,
				A3F19631194F058B000EE526 /* weather-thunder-rainy-h@2x.png */,
				A3F19632194F058B000EE526 /* weather-thunder-rainy-m.png */,
				A3F19633194F058B000EE526 /* weather-thunder-rainy-m@2x.png */,
				A3F19634194F058B000EE526 /* weather-thunder-rainy-s.png */,
				A3F19635194F058B000EE526 /* weather-thunder-rainy-s@2x.png */,
				A3F19636194F058B000EE526 /* weather-thunder.png */,
				A3F19637194F058B000EE526 /* weather-thunder@2x.png */,
				A3F19638194F058B000EE526 /* weather-windy.png */,
				A3F19639194F058B000EE526 /* weather-windy@2x.png */,
			);
			name = "Weather Icons";
			path = "../Weather Icons";
			sourceTree = "<group>";
		};
		A3F23544194AB15F00ECC7C6 /* NoResultView */ = {
			isa = PBXGroup;
			children = (
				A3F23545194AB18100ECC7C6 /* NoResultView.h */,
				A3F23546194AB18100ECC7C6 /* NoResultView.m */,
			);
			name = NoResultView;
			sourceTree = "<group>";
		};
/* End PBXGroup section */

/* Begin PBXNativeTarget section */
		A311BB731942B83800471153 /* Cloudsit */ = {
			isa = PBXNativeTarget;
			buildConfigurationList = A311BBAC1942B83800471153 /* Build configuration list for PBXNativeTarget "Cloudsit" */;
			buildPhases = (
				A311BB701942B83800471153 /* Sources */,
				A311BB711942B83800471153 /* Frameworks */,
				A311BB721942B83800471153 /* Resources */,
			);
			buildRules = (
			);
			dependencies = (
			);
			name = Cloudsit;
			productName = Cloudsit;
			productReference = A311BB741942B83800471153 /* Cloudsit.app */;
			productType = "com.apple.product-type.application";
		};
		A311BB991942B83800471153 /* CloudsitTests */ = {
			isa = PBXNativeTarget;
			buildConfigurationList = A311BBAF1942B83800471153 /* Build configuration list for PBXNativeTarget "CloudsitTests" */;
			buildPhases = (
				A311BB951942B83800471153 /* Sources */,
				A311BB961942B83800471153 /* Frameworks */,
				A311BB971942B83800471153 /* Resources */,
				A311BB981942B83800471153 /* ShellScript */,
			);
			buildRules = (
			);
			dependencies = (
				A311BBA01942B83800471153 /* PBXTargetDependency */,
			);
			name = CloudsitTests;
			productName = CloudsitTests;
			productReference = A311BB9A1942B83800471153 /* CloudsitTests.octest */;
			productType = "com.apple.product-type.bundle";
		};
/* End PBXNativeTarget section */

/* Begin PBXProject section */
		A311BB6C1942B83800471153 /* Project object */ = {
			isa = PBXProject;
			attributes = {
				CLASSPREFIX = Cloudsit;
				LastUpgradeCheck = 0460;
				ORGANIZATIONNAME = "Ivan Sadikov";
			};
			buildConfigurationList = A311BB6F1942B83800471153 /* Build configuration list for PBXProject "Cloudsit" */;
			compatibilityVersion = "Xcode 3.2";
			developmentRegion = English;
			hasScannedForEncodings = 0;
			knownRegions = (
				en,
			);
			mainGroup = A311BB6B1942B83800471153;
			productRefGroup = A311BB751942B83800471153 /* Products */;
			projectDirPath = "";
			projectRoot = "";
			targets = (
				A311BB731942B83800471153 /* Cloudsit */,
				A311BB991942B83800471153 /* CloudsitTests */,
			);
		};
/* End PBXProject section */

/* Begin PBXResourcesBuildPhase section */
		A311BB721942B83800471153 /* Resources */ = {
			isa = PBXResourcesBuildPhase;
			buildActionMask = 2147483647;
			files = (
				A311BB821942B83800471153 /* InfoPlist.strings in Resources */,
				A311BB8A1942B83800471153 /* Default.png in Resources */,
				A311BB8C1942B83800471153 /* Default@2x.png in Resources */,
				A311BB8E1942B83800471153 /* Default-568h@2x.png in Resources */,
				A311BB911942B83800471153 /* MainStoryboard.storyboard in Resources */,
				A310098D194D4F78007D51B7 /* refresh.png in Resources */,
				A310098E194D4F78007D51B7 /* refresh@2x.png in Resources */,
				A310098F194D4F78007D51B7 /* settings.png in Resources */,
				A3100990194D4F78007D51B7 /* settings@2x.png in Resources */,
				A3FAF366194DB62800E385FF /* slideup.png in Resources */,
				A3FAF367194DB62800E385FF /* slideup@2x.png in Resources */,
				A31F6FBC194E93E600C8F0C4 /* back.png in Resources */,
				A31F6FBD194E93E600C8F0C4 /* back@2x.png in Resources */,
				A31F6FC0194E99D800C8F0C4 /* edit.png in Resources */,
				A31F6FC1194E99D800C8F0C4 /* edit@2x.png in Resources */,
				A31F6FC7194E9E2400C8F0C4 /* done-blue.png in Resources */,
				A349148A194EDA5900CFCD04 /* close-red.png in Resources */,
				A349148B194EDA5900CFCD04 /* close-red@2x.png in Resources */,
				A349148C194EDA5900CFCD04 /* radio-normal-green.png in Resources */,
				A349148D194EDA5900CFCD04 /* radio-normal-green@2x.png in Resources */,
				A349148E194EDA5900CFCD04 /* radio-selected-green.png in Resources */,
				A349148F194EDA5900CFCD04 /* radio-selected-green@2x.png in Resources */,
				A3491496194EE33B00CFCD04 /* arrow-up-left-gray.png in Resources */,
				A3491497194EE33B00CFCD04 /* arrow-up-left-gray@2x.png in Resources */,
				A3F1963A194F058B000EE526 /* weather-cloudy-fog.png in Resources */,
				A3F1963B194F058B000EE526 /* weather-cloudy-fog@2x.png in Resources */,
				A3F1963C194F058B000EE526 /* weather-cloudy.png in Resources */,
				A3F1963D194F058B000EE526 /* weather-cloudy@2x.png in Resources */,
				A3F1963E194F058B000EE526 /* weather-fog.png in Resources */,
				A3F1963F194F058B000EE526 /* weather-fog@2x.png in Resources */,
				A3F19640194F058B000EE526 /* weather-sunny-1.png in Resources */,
				A3F19641194F058B000EE526 /* weather-sunny-1@2x.png in Resources */,
				A3F19642194F058B000EE526 /* weather-partlycloudy.png in Resources */,
				A3F19643194F058B000EE526 /* weather-partlycloudy@2x.png in Resources */,
				A3F19644194F058B000EE526 /* weather-rainy-h.png in Resources */,
				A3F19645194F058B000EE526 /* weather-rainy-h@2x.png in Resources */,
				A3F19646194F058B000EE526 /* weather-rainy-m.png in Resources */,
				A3F19647194F058B000EE526 /* weather-rainy-m@2x.png in Resources */,
				A3F19648194F058B000EE526 /* weather-rainy-s.png in Resources */,
				A3F19649194F058B000EE526 /* weather-rainy-s@2x.png in Resources */,
				A3F1964A194F058B000EE526 /* weather-rainy-snowy.png in Resources */,
				A3F1964B194F058B000EE526 /* weather-rainy-snowy@2x.png in Resources */,
				A3F1964C194F058B000EE526 /* weather-snowy-h.png in Resources */,
				A3F1964D194F058B000EE526 /* weather-snowy-h@2x.png in Resources */,
				A3F1964E194F058B000EE526 /* weather-snowy-m.png in Resources */,
				A3F1964F194F058B000EE526 /* weather-snowy-m@2x.png in Resources */,
				A3F19650194F058B000EE526 /* weather-snowy-s.png in Resources */,
				A3F19651194F058B000EE526 /* weather-snowy-s@2x.png in Resources */,
				A3F19652194F058B000EE526 /* weather-sunny-0.png in Resources */,
				A3F19653194F058B000EE526 /* weather-sunny-0@2x.png in Resources */,
				A3F19654194F058B000EE526 /* weather-thunder-rainy-h.png in Resources */,
				A3F19655194F058B000EE526 /* weather-thunder-rainy-h@2x.png in Resources */,
				A3F19656194F058B000EE526 /* weather-thunder-rainy-m.png in Resources */,
				A3F19657194F058B000EE526 /* weather-thunder-rainy-m@2x.png in Resources */,
				A3F19658194F058B000EE526 /* weather-thunder-rainy-s.png in Resources */,
				A3F19659194F058B000EE526 /* weather-thunder-rainy-s@2x.png in Resources */,
				A3F1965A194F058B000EE526 /* weather-thunder.png in Resources */,
				A3F1965B194F058B000EE526 /* weather-thunder@2x.png in Resources */,
				A3F1965C194F058B000EE526 /* weather-windy.png in Resources */,
				A3F1965D194F058B000EE526 /* weather-windy@2x.png in Resources */,
				A317E5C7195264DA008AC026 /* back-highlighted.png in Resources */,
				A317E5C8195264DA008AC026 /* back-highlighted@2x.png in Resources */,
				A317E5C9195264DA008AC026 /* refresh-highlighted.png in Resources */,
				A317E5CA195264DA008AC026 /* refresh-highlighted@2x.png in Resources */,
				A317E5CB195264DA008AC026 /* settings-highlighted.png in Resources */,
				A317E5CC195264DA008AC026 /* settings-highlighted@2x.png in Resources */,
				A317E5CD195264DA008AC026 /* slideup-highlighted.png in Resources */,
				A317E5CE195264DA008AC026 /* slideup-highlighted@2x.png in Resources */,
			);
			runOnlyForDeploymentPostprocessing = 0;
		};
		A311BB971942B83800471153 /* Resources */ = {
			isa = PBXResourcesBuildPhase;
			buildActionMask = 2147483647;
			files = (
				A311BBA61942B83800471153 /* InfoPlist.strings in Resources */,
			);
			runOnlyForDeploymentPostprocessing = 0;
		};
/* End PBXResourcesBuildPhase section */

/* Begin PBXShellScriptBuildPhase section */
		A311BB981942B83800471153 /* ShellScript */ = {
			isa = PBXShellScriptBuildPhase;
			buildActionMask = 2147483647;
			files = (
			);
			inputPaths = (
			);
			outputPaths = (
			);
			runOnlyForDeploymentPostprocessing = 0;
			shellPath = /bin/sh;
			shellScript = "# Run the unit tests in this test bundle.\n\"${SYSTEM_DEVELOPER_DIR}/Tools/RunUnitTests\"\n";
		};
/* End PBXShellScriptBuildPhase section */

/* Begin PBXSourcesBuildPhase section */
		A311BB701942B83800471153 /* Sources */ = {
			isa = PBXSourcesBuildPhase;
			buildActionMask = 2147483647;
			files = (
				A311BB841942B83800471153 /* main.m in Sources */,
				A311BB881942B83800471153 /* CloudsitAppDelegate.m in Sources */,
				A311BB941942B83800471153 /* CloudsitViewController.m in Sources */,
				A311BBB41942B94700471153 /* RequestManager.m in Sources */,
				A311BBB91942B9BC00471153 /* CloudsitManager.m in Sources */,
				A311BBC81942CB3600471153 /* NSObject+SBJSON.m in Sources */,
				A311BBC91942CB3600471153 /* NSString+SBJSON.m in Sources */,
				A311BBCA1942CB3600471153 /* SBJSON.m in Sources */,
				A311BBCB1942CB3600471153 /* SBJsonBase.m in Sources */,
				A311BBCC1942CB3600471153 /* SBJsonParser.m in Sources */,
				A311BBCD1942CB3600471153 /* SBJsonWriter.m in Sources */,
				A3E265581945A883002F23BD /* LocationSearchViewController.m in Sources */,
				A3F23543194AA3E200ECC7C6 /* SettingsManager.m in Sources */,
				A3F23547194AB18100ECC7C6 /* NoResultView.m in Sources */,
				A37ADBFE194ACEB300910D0C /* BSPlaceManager.m in Sources */,
				A37ADC01194ACEC600910D0C /* BSPlaceResult.m in Sources */,
				A3000E9C194BD88C00824FB0 /* SettingsViewController.m in Sources */,
				A3CE441E194D57600069DD26 /* WeatherManager.m in Sources */,
				A3F3F5F2194D760A00A5718E /* DateManager.m in Sources */,
			);
			runOnlyForDeploymentPostprocessing = 0;
		};
		A311BB951942B83800471153 /* Sources */ = {
			isa = PBXSourcesBuildPhase;
			buildActionMask = 2147483647;
			files = (
				A311BBA91942B83800471153 /* CloudsitTests.m in Sources */,
			);
			runOnlyForDeploymentPostprocessing = 0;
		};
/* End PBXSourcesBuildPhase section */

/* Begin PBXTargetDependency section */
		A311BBA01942B83800471153 /* PBXTargetDependency */ = {
			isa = PBXTargetDependency;
			target = A311BB731942B83800471153 /* Cloudsit */;
			targetProxy = A311BB9F1942B83800471153 /* PBXContainerItemProxy */;
		};
/* End PBXTargetDependency section */

/* Begin PBXVariantGroup section */
		A311BB801942B83800471153 /* InfoPlist.strings */ = {
			isa = PBXVariantGroup;
			children = (
				A311BB811942B83800471153 /* en */,
			);
			name = InfoPlist.strings;
			sourceTree = "<group>";
		};
		A311BB8F1942B83800471153 /* MainStoryboard.storyboard */ = {
			isa = PBXVariantGroup;
			children = (
				A311BB901942B83800471153 /* en */,
			);
			name = MainStoryboard.storyboard;
			sourceTree = "<group>";
		};
		A311BBA41942B83800471153 /* InfoPlist.strings */ = {
			isa = PBXVariantGroup;
			children = (
				A311BBA51942B83800471153 /* en */,
			);
			name = InfoPlist.strings;
			sourceTree = "<group>";
		};
/* End PBXVariantGroup section */

/* Begin XCBuildConfiguration section */
		A311BBAA1942B83800471153 /* Debug */ = {
			isa = XCBuildConfiguration;
			buildSettings = {
				ALWAYS_SEARCH_USER_PATHS = NO;
				CLANG_CXX_LANGUAGE_STANDARD = "gnu++0x";
				CLANG_CXX_LIBRARY = "libc++";
				CLANG_ENABLE_OBJC_ARC = YES;
				CLANG_WARN_CONSTANT_CONVERSION = YES;
				CLANG_WARN_EMPTY_BODY = YES;
				CLANG_WARN_ENUM_CONVERSION = YES;
				CLANG_WARN_INT_CONVERSION = YES;
				CLANG_WARN__DUPLICATE_METHOD_MATCH = YES;
				"CODE_SIGN_IDENTITY[sdk=iphoneos*]" = "iPhone Developer";
				COPY_PHASE_STRIP = NO;
				GCC_C_LANGUAGE_STANDARD = gnu99;
				GCC_DYNAMIC_NO_PIC = NO;
				GCC_OPTIMIZATION_LEVEL = 0;
				GCC_PREPROCESSOR_DEFINITIONS = (
					"DEBUG=1",
					"$(inherited)",
				);
				GCC_SYMBOLS_PRIVATE_EXTERN = NO;
				GCC_WARN_ABOUT_RETURN_TYPE = YES;
				GCC_WARN_UNINITIALIZED_AUTOS = YES;
				GCC_WARN_UNUSED_VARIABLE = YES;
				IPHONEOS_DEPLOYMENT_TARGET = 6.1;
				ONLY_ACTIVE_ARCH = YES;
				SDKROOT = iphoneos;
			};
			name = Debug;
		};
		A311BBAB1942B83800471153 /* Release */ = {
			isa = XCBuildConfiguration;
			buildSettings = {
				ALWAYS_SEARCH_USER_PATHS = NO;
				CLANG_CXX_LANGUAGE_STANDARD = "gnu++0x";
				CLANG_CXX_LIBRARY = "libc++";
				CLANG_ENABLE_OBJC_ARC = YES;
				CLANG_WARN_CONSTANT_CONVERSION = YES;
				CLANG_WARN_EMPTY_BODY = YES;
				CLANG_WARN_ENUM_CONVERSION = YES;
				CLANG_WARN_INT_CONVERSION = YES;
				CLANG_WARN__DUPLICATE_METHOD_MATCH = YES;
				"CODE_SIGN_IDENTITY[sdk=iphoneos*]" = "iPhone Developer";
				COPY_PHASE_STRIP = YES;
				GCC_C_LANGUAGE_STANDARD = gnu99;
				GCC_WARN_ABOUT_RETURN_TYPE = YES;
				GCC_WARN_UNINITIALIZED_AUTOS = YES;
				GCC_WARN_UNUSED_VARIABLE = YES;
				IPHONEOS_DEPLOYMENT_TARGET = 6.1;
				OTHER_CFLAGS = "-DNS_BLOCK_ASSERTIONS=1";
				SDKROOT = iphoneos;
				VALIDATE_PRODUCT = YES;
			};
			name = Release;
		};
		A311BBAD1942B83800471153 /* Debug */ = {
			isa = XCBuildConfiguration;
			buildSettings = {
				GCC_PRECOMPILE_PREFIX_HEADER = YES;
				GCC_PREFIX_HEADER = "Cloudsit/Cloudsit-Prefix.pch";
				INFOPLIST_FILE = "Cloudsit/Cloudsit-Info.plist";
				PRODUCT_NAME = "$(TARGET_NAME)";
				WRAPPER_EXTENSION = app;
			};
			name = Debug;
		};
		A311BBAE1942B83800471153 /* Release */ = {
			isa = XCBuildConfiguration;
			buildSettings = {
				GCC_PRECOMPILE_PREFIX_HEADER = YES;
				GCC_PREFIX_HEADER = "Cloudsit/Cloudsit-Prefix.pch";
				INFOPLIST_FILE = "Cloudsit/Cloudsit-Info.plist";
				PRODUCT_NAME = "$(TARGET_NAME)";
				WRAPPER_EXTENSION = app;
			};
			name = Release;
		};
		A311BBB01942B83800471153 /* Debug */ = {
			isa = XCBuildConfiguration;
			buildSettings = {
				BUNDLE_LOADER = "$(BUILT_PRODUCTS_DIR)/Cloudsit.app/Cloudsit";
				FRAMEWORK_SEARCH_PATHS = (
					"\"$(SDKROOT)/Developer/Library/Frameworks\"",
					"\"$(DEVELOPER_LIBRARY_DIR)/Frameworks\"",
				);
				GCC_PRECOMPILE_PREFIX_HEADER = YES;
				GCC_PREFIX_HEADER = "Cloudsit/Cloudsit-Prefix.pch";
				INFOPLIST_FILE = "CloudsitTests/CloudsitTests-Info.plist";
				PRODUCT_NAME = "$(TARGET_NAME)";
				TEST_HOST = "$(BUNDLE_LOADER)";
				WRAPPER_EXTENSION = octest;
			};
			name = Debug;
		};
		A311BBB11942B83800471153 /* Release */ = {
			isa = XCBuildConfiguration;
			buildSettings = {
				BUNDLE_LOADER = "$(BUILT_PRODUCTS_DIR)/Cloudsit.app/Cloudsit";
				FRAMEWORK_SEARCH_PATHS = (
					"\"$(SDKROOT)/Developer/Library/Frameworks\"",
					"\"$(DEVELOPER_LIBRARY_DIR)/Frameworks\"",
				);
				GCC_PRECOMPILE_PREFIX_HEADER = YES;
				GCC_PREFIX_HEADER = "Cloudsit/Cloudsit-Prefix.pch";
				INFOPLIST_FILE = "CloudsitTests/CloudsitTests-Info.plist";
				PRODUCT_NAME = "$(TARGET_NAME)";
				TEST_HOST = "$(BUNDLE_LOADER)";
				WRAPPER_EXTENSION = octest;
			};
			name = Release;
		};
/* End XCBuildConfiguration section */

/* Begin XCConfigurationList section */
		A311BB6F1942B83800471153 /* Build configuration list for PBXProject "Cloudsit" */ = {
			isa = XCConfigurationList;
			buildConfigurations = (
				A311BBAA1942B83800471153 /* Debug */,
				A311BBAB1942B83800471153 /* Release */,
			);
			defaultConfigurationIsVisible = 0;
			defaultConfigurationName = Release;
		};
		A311BBAC1942B83800471153 /* Build configuration list for PBXNativeTarget "Cloudsit" */ = {
			isa = XCConfigurationList;
			buildConfigurations = (
				A311BBAD1942B83800471153 /* Debug */,
				A311BBAE1942B83800471153 /* Release */,
			);
			defaultConfigurationIsVisible = 0;
			defaultConfigurationName = Release;
		};
		A311BBAF1942B83800471153 /* Build configuration list for PBXNativeTarget "CloudsitTests" */ = {
			isa = XCConfigurationList;
			buildConfigurations = (
				A311BBB01942B83800471153 /* Debug */,
				A311BBB11942B83800471153 /* Release */,
			);
			defaultConfigurationIsVisible = 0;
			defaultConfigurationName = Release;
		};
/* End XCConfigurationList section */
	};
	rootObject = A311BB6C1942B83800471153 /* Project object */;
}
